version = 1
revision = 3
requires-python = ">=3.12"

[[package]]
name = "boto3"
version = "1.42.68"
source = { registry = "https://pypi.org/simple" }
dependencies = [
    { name = "botocore" },
    { name = "jmespath" },
    { name = "s3transfer" },
]
sdist = { url = "https://files.pythonhosted.org/packages/06/ae/60c642aa5413e560b671da825329f510b29a77274ed0f580bde77562294d/boto3-1.42.68.tar.gz", hash = "sha256:3f349f967ab38c23425626d130962bcb363e75f042734fe856ea8c5a00eef03c", size = 112761, upload-time = "2026-03-13T19:32:17.137Z" }
wheels = [
    { url = "https://files.pythonhosted.org/packages/fb/f6/dc6e993479dbb597d68223fbf61cb026511737696b15bd7d2a33e9b2c24f/boto3-1.42.68-py3-none-any.whl", hash = "sha256:dbff353eb7dc93cbddd7926ed24793e0174c04adbe88860dfa639568442e4962", size = 140556, upload-time = "2026-03-13T19:32:14.951Z" },
]

[[package]]
name = "botocore"
version = "1.42.68"
source = { registry = "https://pypi.org/simple" }
dependencies = [
    { name = "jmespath" },
    { name = "python-dateutil" },
    { name = "urllib3" },
]
sdist = { url = "https://files.pythonhosted.org/packages/3f/22/87502d5fbbfa8189406a617b30b1e2a3dc0ab2669f7268e91b385c1c1c7a/botocore-1.42.68.tar.gz", hash = "sha256:3951c69e12ac871dda245f48dac5c7dd88ea1bfdd74a8879ec356cf2874b806a", size = 14994514, upload-time = "2026-03-13T19:32:03.577Z" }
wheels = [
    { url = "https://files.pythonhosted.org/packages/3c/2a/1428f6594799780fe6ee845d8e6aeffafe026cd16a70c878684e2dcbbfc8/botocore-1.42.68-py3-none-any.whl", hash = "sha256:9df7da26374601f890e2f115bfa573d65bf15b25fe136bb3aac809f6145f52ab", size = 14668816, upload-time = "2026-03-13T19:31:58.572Z" },
]

[[package]]
name = "certifi"
version = "2026.2.25"
source = { registry = "https://pypi.org/simple" }
sdist = { url = "https://files.pythonhosted.org/packages/af/2d/7bf41579a8986e348fa033a31cdd0e4121114f6bce2457e8876010b092dd/certifi-2026.2.25.tar.gz", hash = "sha256:e887ab5cee78ea814d3472169153c2d12cd43b14bd03329a39a9c6e2e80bfba7", size = 155029, upload-time = "2026-02-25T02:54:17.342Z" }
wheels = [
    { url = "https://files.pythonhosted.org/packages/9a/3c/c17fb3ca2d9c3acff52e30b309f538586f9f5b9c9cf454f3845fc9af4881/certifi-2026.2.25-py3-none-any.whl", hash = "sha256:027692e4402ad994f1c42e52a4997a9763c646b73e4096e4d5d6db8af1d6f0fa", size = 153684, upload-time = "2026-02-25T02:54:15.766Z" },
]

[[package]]
name = "charset-normalizer"
version = "3.4.5"
source = { registry = "https://pypi.org/simple" }
sdist = { url = "https://files.pythonhosted.org/packages/1d/35/02daf95b9cd686320bb622eb148792655c9412dbb9b67abb5694e5910a24/charset_normalizer-3.4.5.tar.gz", hash = "sha256:95adae7b6c42a6c5b5b559b1a99149f090a57128155daeea91732c8d970d8644", size = 134804, upload-time = "2026-03-06T06:03:19.46Z" }
wheels = [
    { url = "https://files.pythonhosted.org/packages/9c/b6/9ee9c1a608916ca5feae81a344dffbaa53b26b90be58cc2159e3332d44ec/charset_normalizer-3.4.5-cp312-cp312-macosx_10_13_universal2.whl", hash = "sha256:ed97c282ee4f994ef814042423a529df9497e3c666dca19be1d4cd1129dc7ade", size = 280976, upload-time = "2026-03-06T06:01:15.276Z" },
    { url = "https://files.pythonhosted.org/packages/f8/d8/a54f7c0b96f1df3563e9190f04daf981e365a9b397eedfdfb5dbef7e5c6c/charset_normalizer-3.4.5-cp312-cp312-manylinux2014_aarch64.manylinux_2_17_aarch64.manylinux_2_28_aarch64.whl", hash = "sha256:0294916d6ccf2d069727d65973c3a1ca477d68708db25fd758dd28b0827cff54", size = 189356, upload-time = "2026-03-06T06:01:16.511Z" },
    { url = "https://files.pythonhosted.org/packages/42/69/2bf7f76ce1446759a5787cb87d38f6a61eb47dbbdf035cfebf6347292a65/charset_normalizer-3.4.5-cp312-cp312-manylinux2014_ppc64le.manylinux_2_17_ppc64le.manylinux_2_28_ppc64le.whl", hash = "sha256:dc57a0baa3eeedd99fafaef7511b5a6ef4581494e8168ee086031744e2679467", size = 206369, upload-time = "2026-03-06T06:01:17.853Z" },
    { url = "https://files.pythonhosted.org/packages/10/9c/949d1a46dab56b959d9a87272482195f1840b515a3380e39986989a893ae/charset_normalizer-3.4.5-cp312-cp312-manylinux2014_s390x.manylinux_2_17_s390x.manylinux_2_28_s390x.whl", hash = "sha256:ed1a9a204f317ef879b32f9af507d47e49cd5e7f8e8d5d96358c98373314fc60", size = 203285, upload-time = "2026-03-06T06:01:19.473Z" },
    { url = "https://files.pythonhosted.org/packages/67/5c/ae30362a88b4da237d71ea214a8c7eb915db3eec941adda511729ac25fa2/charset_normalizer-3.4.5-cp312-cp312-manylinux2014_x86_64.manylinux_2_17_x86_64.manylinux_2_28_x86_64.whl", hash = "sha256:7ad83b8f9379176c841f8865884f3514d905bcd2a9a3b210eaa446e7d2223e4d", size = 196274, upload-time = "2026-03-06T06:01:20.728Z" },
    { url = "https://files.pythonhosted.org/packages/b2/07/c9f2cb0e46cb6d64fdcc4f95953747b843bb2181bda678dc4e699b8f0f9a/charset_normalizer-3.4.5-cp312-cp312-manylinux_2_31_armv7l.whl", hash = "sha256:a118e2e0b5ae6b0120d5efa5f866e58f2bb826067a646431da4d6a2bdae7950e", size = 184715, upload-time = "2026-03-06T06:01:22.194Z" },
    { url = "https://files.pythonhosted.org/packages/36/64/6b0ca95c44fddf692cd06d642b28f63009d0ce325fad6e9b2b4d0ef86a52/charset_normalizer-3.4.5-cp312-cp312-manylinux_2_31_riscv64.manylinux_2_39_riscv64.whl", hash = "sha256:754f96058e61a5e22e91483f823e07df16416ce76afa4ebf306f8e1d1296d43f", size = 193426, upload-time = "2026-03-06T06:01:23.795Z" },
    { url = "https://files.pythonhosted.org/packages/50/bc/a730690d726403743795ca3f5bb2baf67838c5fea78236098f324b965e40/charset_normalizer-3.4.5-cp312-cp312-musllinux_1_2_aarch64.whl", hash = "sha256:0c300cefd9b0970381a46394902cd18eaf2aa00163f999590ace991989dcd0fc", size = 191780, upload-time = "2026-03-06T06:01:25.053Z" },
    { url = "https://files.pythonhosted.org/packages/97/4f/6c0bc9af68222b22951552d73df4532b5be6447cee32d58e7e8c74ecbb7b/charset_normalizer-3.4.5-cp312-cp312-musllinux_1_2_armv7l.whl", hash = "sha256:c108f8619e504140569ee7de3f97d234f0fbae338a7f9f360455071ef9855a95", size = 185805, upload-time = "2026-03-06T06:01:26.294Z" },
    { url = "https://files.pythonhosted.org/packages/dd/b9/a523fb9b0ee90814b503452b2600e4cbc118cd68714d57041564886e7325/charset_normalizer-3.4.5-cp312-cp312-musllinux_1_2_ppc64le.whl", hash = "sha256:d1028de43596a315e2720a9849ee79007ab742c06ad8b45a50db8cdb7ed4a82a", size = 208342, upload-time = "2026-03-06T06:01:27.55Z" },
    { url = "https://files.pythonhosted.org/packages/4d/61/c59e761dee4464050713e50e27b58266cc8e209e518c0b378c1580c959ba/charset_normalizer-3.4.5-cp312-cp312-musllinux_1_2_riscv64.whl", hash = "sha256:19092dde50335accf365cce21998a1c6dd8eafd42c7b226eb54b2747cdce2fac", size = 193661, upload-time = "2026-03-06T06:01:29.051Z" },
    { url = "https://files.pythonhosted.org/packages/1c/43/729fa30aad69783f755c5ad8649da17ee095311ca42024742701e202dc59/charset_normalizer-3.4.5-cp312-cp312-musllinux_1_2_s390x.whl", hash = "sha256:4354e401eb6dab9aed3c7b4030514328a6c748d05e1c3e19175008ca7de84fb1", size = 204819, upload-time = "2026-03-06T06:01:30.298Z" },
    { url = "https://files.pythonhosted.org/packages/87/33/d9b442ce5a91b96fc0840455a9e49a611bbadae6122778d0a6a79683dd31/charset_normalizer-3.4.5-cp312-cp312-musllinux_1_2_x86_64.whl", hash = "sha256:a68766a3c58fde7f9aaa22b3786276f62ab2f594efb02d0a1421b6282e852e98", size = 198080, upload-time = "2026-03-06T06:01:31.478Z" },
    { url = "https://files.pythonhosted.org/packages/56/5a/b8b5a23134978ee9885cee2d6995f4c27cc41f9baded0a9685eabc5338f0/charset_normalizer-3.4.5-cp312-cp312-win32.whl", hash = "sha256:1827734a5b308b65ac54e86a618de66f935a4f63a8a462ff1e19a6788d6c2262", size = 132630, upload-time = "2026-03-06T06:01:33.056Z" },
    { url = "https://files.pythonhosted.org/packages/70/53/e44a4c07e8904500aec95865dc3f6464dc3586a039ef0df606eb3ac38e35/charset_normalizer-3.4.5-cp312-cp312-win_amd64.whl", hash = "sha256:728c6a963dfab66ef865f49286e45239384249672cd598576765acc2a640a636", size = 142856, upload-time = "2026-03-06T06:01:34.489Z" },
    { url = "https://files.pythonhosted.org/packages/ea/aa/c5628f7cad591b1cf45790b7a61483c3e36cf41349c98af7813c483fd6e8/charset_normalizer-3.4.5-cp312-cp312-win_arm64.whl", hash = "sha256:75dfd1afe0b1647449e852f4fb428195a7ed0588947218f7ba929f6538487f02", size = 132982, upload-time = "2026-03-06T06:01:35.641Z" },
    { url = "https://files.pythonhosted.org/packages/f5/48/9f34ec4bb24aa3fdba1890c1bddb97c8a4be1bd84ef5c42ac2352563ad05/charset_normalizer-3.4.5-cp313-cp313-macosx_10_13_universal2.whl", hash = "sha256:ac59c15e3f1465f722607800c68713f9fbc2f672b9eb649fe831da4019ae9b23", size = 280788, upload-time = "2026-03-06T06:01:37.126Z" },
    { url = "https://files.pythonhosted.org/packages/0e/09/6003e7ffeb90cc0560da893e3208396a44c210c5ee42efff539639def59b/charset_normalizer-3.4.5-cp313-cp313-manylinux2014_aarch64.manylinux_2_17_aarch64.manylinux_2_28_aarch64.whl", hash = "sha256:165c7b21d19365464e8f70e5ce5e12524c58b48c78c1f5a57524603c1ab003f8", size = 188890, upload-time = "2026-03-06T06:01:38.73Z" },
    { url = "https://files.pythonhosted.org/packages/42/1e/02706edf19e390680daa694d17e2b8eab4b5f7ac285e2a51168b4b22ee6b/charset_normalizer-3.4.5-cp313-cp313-manylinux2014_ppc64le.manylinux_2_17_ppc64le.manylinux_2_28_ppc64le.whl", hash = "sha256:28269983f25a4da0425743d0d257a2d6921ea7d9b83599d4039486ec5b9f911d", size = 206136, upload-time = "2026-03-06T06:01:40.016Z" },
    { url = "https://files.pythonhosted.org/packages/c7/87/942c3def1b37baf3cf786bad01249190f3ca3d5e63a84f831e704977de1f/charset_normalizer-3.4.5-cp313-cp313-manylinux2014_s390x.manylinux_2_17_s390x.manylinux_2_28_s390x.whl", hash = "sha256:d27ce22ec453564770d29d03a9506d449efbb9fa13c00842262b2f6801c48cce", size = 202551, upload-time = "2026-03-06T06:01:41.522Z" },
    { url = "https://files.pythonhosted.org/packages/94/0a/af49691938dfe175d71b8a929bd7e4ace2809c0c5134e28bc535660d5262/charset_normalizer-3.4.5-cp313-cp313-manylinux2014_x86_64.manylinux_2_17_x86_64.manylinux_2_28_x86_64.whl", hash = "sha256:0625665e4ebdddb553ab185de5db7054393af8879fb0c87bd5690d14379d6819", size = 195572, upload-time = "2026-03-06T06:01:43.208Z" },
    { url = "https://files.pythonhosted.org/packages/20/ea/dfb1792a8050a8e694cfbde1570ff97ff74e48afd874152d38163d1df9ae/charset_normalizer-3.4.5-cp313-cp313-manylinux_2_31_armv7l.whl", hash = "sha256:c23eb3263356d94858655b3e63f85ac5d50970c6e8febcdde7830209139cc37d", size = 184438, upload-time = "2026-03-06T06:01:44.755Z" },
    { url = "https://files.pythonhosted.org/packages/72/12/c281e2067466e3ddd0595bfaea58a6946765ace5c72dfa3edc2f5f118026/charset_normalizer-3.4.5-cp313-cp313-manylinux_2_31_riscv64.manylinux_2_39_riscv64.whl", hash = "sha256:e6302ca4ae283deb0af68d2fbf467474b8b6aedcd3dab4db187e07f94c109763", size = 193035, upload-time = "2026-03-06T06:01:46.051Z" },
    { url = "https://files.pythonhosted.org/packages/ba/4f/3792c056e7708e10464bad0438a44708886fb8f92e3c3d29ec5e2d964d42/charset_normalizer-3.4.5-cp313-cp313-musllinux_1_2_aarch64.whl", hash = "sha256:e51ae7d81c825761d941962450f50d041db028b7278e7b08930b4541b3e45cb9", size = 191340, upload-time = "2026-03-06T06:01:47.547Z" },
    { url = "https://files.pythonhosted.org/packages/e7/86/80ddba897127b5c7a9bccc481b0cd36c8fefa485d113262f0fe4332f0bf4/charset_normalizer-3.4.5-cp313-cp313-musllinux_1_2_armv7l.whl", hash = "sha256:597d10dec876923e5c59e48dbd366e852eacb2b806029491d307daea6b917d7c", size = 185464, upload-time = "2026-03-06T06:01:48.764Z" },
    { url = "https://files.pythonhosted.org/packages/4d/00/b5eff85ba198faacab83e0e4b6f0648155f072278e3b392a82478f8b988b/charset_normalizer-3.4.5-cp313-cp313-musllinux_1_2_ppc64le.whl", hash = "sha256:5cffde4032a197bd3b42fd0b9509ec60fb70918d6970e4cc773f20fc9180ca67", size = 208014, upload-time = "2026-03-06T06:01:50.371Z" },
    { url = "https://files.pythonhosted.org/packages/c8/11/d36f70be01597fd30850dde8a1269ebc8efadd23ba5785808454f2389bde/charset_normalizer-3.4.5-cp313-cp313-musllinux_1_2_riscv64.whl", hash = "sha256:2da4eedcb6338e2321e831a0165759c0c620e37f8cd044a263ff67493be8ffb3", size = 193297, upload-time = "2026-03-06T06:01:51.933Z" },
    { url = "https://files.pythonhosted.org/packages/1a/1d/259eb0a53d4910536c7c2abb9cb25f4153548efb42800c6a9456764649c0/charset_normalizer-3.4.5-cp313-cp313-musllinux_1_2_s390x.whl", hash = "sha256:65a126fb4b070d05340a84fc709dd9e7c75d9b063b610ece8a60197a291d0adf", size = 204321, upload-time = "2026-03-06T06:01:53.887Z" },
    { url = "https://files.pythonhosted.org/packages/84/31/faa6c5b9d3688715e1ed1bb9d124c384fe2fc1633a409e503ffe1c6398c1/charset_normalizer-3.4.5-cp313-cp313-musllinux_1_2_x86_64.whl", hash = "sha256:c7a80a9242963416bd81f99349d5f3fce1843c303bd404f204918b6d75a75fd6", size = 197509, upload-time = "2026-03-06T06:01:56.439Z" },
    { url = "https://files.pythonhosted.org/packages/fd/a5/c7d9dd1503ffc08950b3260f5d39ec2366dd08254f0900ecbcf3a6197c7c/charset_normalizer-3.4.5-cp313-cp313-win32.whl", hash = "sha256:f1d725b754e967e648046f00c4facc42d414840f5ccc670c5670f59f83693e4f", size = 132284, upload-time = "2026-03-06T06:01:57.812Z" },
    { url = "https://files.pythonhosted.org/packages/b9/0f/57072b253af40c8aa6636e6de7d75985624c1eb392815b2f934199340a89/charset_normalizer-3.4.5-cp313-cp313-win_amd64.whl", hash = "sha256:e37bd100d2c5d3ba35db9c7c5ba5a9228cbcffe5c4778dc824b164e5257813d7", size = 142630, upload-time = "2026-03-06T06:01:59.062Z" },
    { url = "https://files.pythonhosted.org/packages/31/41/1c4b7cc9f13bd9d369ce3bc993e13d374ce25fa38a2663644283ecf422c1/charset_normalizer-3.4.5-cp313-cp313-win_arm64.whl", hash = "sha256:93b3b2cc5cf1b8743660ce77a4f45f3f6d1172068207c1defc779a36eea6bb36", size = 133254, upload-time = "2026-03-06T06:02:00.281Z" },
    { url = "https://files.pythonhosted.org/packages/43/be/0f0fd9bb4a7fa4fb5067fb7d9ac693d4e928d306f80a0d02bde43a7c4aee/charset_normalizer-3.4.5-cp314-cp314-macosx_10_15_universal2.whl", hash = "sha256:8197abe5ca1ffb7d91e78360f915eef5addff270f8a71c1fc5be24a56f3e4873", size = 280232, upload-time = "2026-03-06T06:02:01.508Z" },
    { url = "https://files.pythonhosted.org/packages/28/02/983b5445e4bef49cd8c9da73a8e029f0825f39b74a06d201bfaa2e55142a/charset_normalizer-3.4.5-cp314-cp314-manylinux2014_aarch64.manylinux_2_17_aarch64.manylinux_2_28_aarch64.whl", hash = "sha256:a2aecdb364b8a1802afdc7f9327d55dad5366bc97d8502d0f5854e50712dbc5f", size = 189688, upload-time = "2026-03-06T06:02:02.857Z" },
    { url = "https://files.pythonhosted.org/packages/d0/88/152745c5166437687028027dc080e2daed6fe11cfa95a22f4602591c42db/charset_normalizer-3.4.5-cp314-cp314-manylinux2014_ppc64le.manylinux_2_17_ppc64le.manylinux_2_28_ppc64le.whl", hash = "sha256:a66aa5022bf81ab4b1bebfb009db4fd68e0c6d4307a1ce5ef6a26e5878dfc9e4", size = 206833, upload-time = "2026-03-06T06:02:05.127Z" },
    { url = "https://files.pythonhosted.org/packages/cb/0f/ebc15c8b02af2f19be9678d6eed115feeeccc45ce1f4b098d986c13e8769/charset_normalizer-3.4.5-cp314-cp314-manylinux2014_s390x.manylinux_2_17_s390x.manylinux_2_28_s390x.whl", hash = "sha256:d77f97e515688bd615c1d1f795d540f32542d514242067adcb8ef532504cb9ee", size = 202879, upload-time = "2026-03-06T06:02:06.446Z" },
    { url = "https://files.pythonhosted.org/packages/38/9c/71336bff6934418dc8d1e8a1644176ac9088068bc571da612767619c97b3/charset_normalizer-3.4.5-cp314-cp314-manylinux2014_x86_64.manylinux_2_17_x86_64.manylinux_2_28_x86_64.whl", hash = "sha256:01a1ed54b953303ca7e310fafe0fe347aab348bd81834a0bcd602eb538f89d66", size = 195764, upload-time = "2026-03-06T06:02:08.763Z" },
    { url = "https://files.pythonhosted.org/packages/b7/95/ce92fde4f98615661871bc282a856cf9b8a15f686ba0af012984660d480b/charset_normalizer-3.4.5-cp314-cp314-manylinux_2_31_armv7l.whl", hash = "sha256:b2d37d78297b39a9eb9eb92c0f6df98c706467282055419df141389b23f93362", size = 183728, upload-time = "2026-03-06T06:02:10.137Z" },
    { url = "https://files.pythonhosted.org/packages/1c/e7/f5b4588d94e747ce45ae680f0f242bc2d98dbd4eccfab73e6160b6893893/charset_normalizer-3.4.5-cp314-cp314-manylinux_2_31_riscv64.manylinux_2_39_riscv64.whl", hash = "sha256:e71bbb595973622b817c042bd943c3f3667e9c9983ce3d205f973f486fec98a7", size = 192937, upload-time = "2026-03-06T06:02:11.663Z" },
    { url = "https://files.pythonhosted.org/packages/f9/29/9d94ed6b929bf9f48bf6ede6e7474576499f07c4c5e878fb186083622716/charset_normalizer-3.4.5-cp314-cp314-musllinux_1_2_aarch64.whl", hash = "sha256:4cd966c2559f501c6fd69294d082c2934c8dd4719deb32c22961a5ac6db0df1d", size = 192040, upload-time = "2026-03-06T06:02:13.489Z" },
    { url = "https://files.pythonhosted.org/packages/15/d2/1a093a1cf827957f9445f2fe7298bcc16f8fc5e05c1ed2ad1af0b239035e/charset_normalizer-3.4.5-cp314-cp314-musllinux_1_2_armv7l.whl", hash = "sha256:d5e52d127045d6ae01a1e821acfad2f3a1866c54d0e837828538fabe8d9d1bd6", size = 184107, upload-time = "2026-03-06T06:02:14.83Z" },
    { url = "https://files.pythonhosted.org/packages/0f/7d/82068ce16bd36135df7b97f6333c5d808b94e01d4599a682e2337ed5fd14/charset_normalizer-3.4.5-cp314-cp314-musllinux_1_2_ppc64le.whl", hash = "sha256:30a2b1a48478c3428d047ed9690d57c23038dac838a87ad624c85c0a78ebeb39", size = 208310, upload-time = "2026-03-06T06:02:16.165Z" },
    { url = "https://files.pythonhosted.org/packages/84/4e/4dfb52307bb6af4a5c9e73e482d171b81d36f522b21ccd28a49656baa680/charset_normalizer-3.4.5-cp314-cp314-musllinux_1_2_riscv64.whl", hash = "sha256:d8ed79b8f6372ca4254955005830fd61c1ccdd8c0fac6603e2c145c61dd95db6", size = 192918, upload-time = "2026-03-06T06:02:18.144Z" },
    { url = "https://files.pythonhosted.org/packages/08/a4/159ff7da662cf7201502ca89980b8f06acf3e887b278956646a8aeb178ab/charset_normalizer-3.4.5-cp314-cp314-musllinux_1_2_s390x.whl", hash = "sha256:c5af897b45fa606b12464ccbe0014bbf8c09191e0a66aab6aa9d5cf6e77e0c94", size = 204615, upload-time = "2026-03-06T06:02:19.821Z" },
    { url = "https://files.pythonhosted.org/packages/d6/62/0dd6172203cb6b429ffffc9935001fde42e5250d57f07b0c28c6046deb6b/charset_normalizer-3.4.5-cp314-cp314-musllinux_1_2_x86_64.whl", hash = "sha256:1088345bcc93c58d8d8f3d783eca4a6e7a7752bbff26c3eee7e73c597c191c2e", size = 197784, upload-time = "2026-03-06T06:02:21.86Z" },
    { url = "https://files.pythonhosted.org/packages/c7/5e/1aab5cb737039b9c59e63627dc8bbc0d02562a14f831cc450e5f91d84ce1/charset_normalizer-3.4.5-cp314-cp314-win32.whl", hash = "sha256:ee57b926940ba00bca7ba7041e665cc956e55ef482f851b9b65acb20d867e7a2", size = 133009, upload-time = "2026-03-06T06:02:23.289Z" },
    { url = "https://files.pythonhosted.org/packages/40/65/e7c6c77d7aaa4c0d7974f2e403e17f0ed2cb0fc135f77d686b916bf1eead/charset_normalizer-3.4.5-cp314-cp314-win_amd64.whl", hash = "sha256:4481e6da1830c8a1cc0b746b47f603b653dadb690bcd851d039ffaefe70533aa", size = 143511, upload-time = "2026-03-06T06:02:26.195Z" },
    { url = "https://files.pythonhosted.org/packages/ba/91/52b0841c71f152f563b8e072896c14e3d83b195c188b338d3cc2e582d1d4/charset_normalizer-3.4.5-cp314-cp314-win_arm64.whl", hash = "sha256:97ab7787092eb9b50fb47fa04f24c75b768a606af1bcba1957f07f128a7219e4", size = 133775, upload-time = "2026-03-06T06:02:27.473Z" },
    { url = "https://files.pythonhosted.org/packages/c5/60/3a621758945513adfd4db86827a5bafcc615f913dbd0b4c2ed64a65731be/charset_normalizer-3.4.5-py3-none-any.whl", hash = "sha256:9db5e3fcdcee89a78c04dffb3fe33c79f77bd741a624946db2591c81b2fc85b0", size = 55455, upload-time = "2026-03-06T06:03:17.827Z" },
]

[[package]]
name = "events"
version = "0.5"
source = { registry = "https://pypi.org/simple" }
wheels = [
    { url = "https://files.pythonhosted.org/packages/25/ed/e47dec0626edd468c84c04d97769e7ab4ea6457b7f54dcb3f72b17fcd876/Events-0.5-py3-none-any.whl", hash = "sha256:a7286af378ba3e46640ac9825156c93bdba7502174dd696090fdfcd4d80a1abd", size = 6758, upload-time = "2023-07-31T08:23:13.645Z" },
]

[[package]]
name = "grpcio"
version = "1.78.0"
source = { registry = "https://pypi.org/simple" }
dependencies = [
    { name = "typing-extensions" },
]
sdist = { url = "https://files.pythonhosted.org/packages/06/8a/3d098f35c143a89520e568e6539cc098fcd294495910e359889ce8741c84/grpcio-1.78.0.tar.gz", hash = "sha256:7382b95189546f375c174f53a5fa873cef91c4b8005faa05cc5b3beea9c4f1c5", size = 12852416, upload-time = "2026-02-06T09:57:18.093Z" }
wheels = [
    { url = "https://files.pythonhosted.org/packages/4e/f4/7384ed0178203d6074446b3c4f46c90a22ddf7ae0b3aee521627f54cfc2a/grpcio-1.78.0-cp312-cp312-linux_armv7l.whl", hash = "sha256:f9ab915a267fc47c7e88c387a3a28325b58c898e23d4995f765728f4e3dedb97", size = 5913985, upload-time = "2026-02-06T09:55:26.832Z" },
    { url = "https://files.pythonhosted.org/packages/81/ed/be1caa25f06594463f685b3790b320f18aea49b33166f4141bfdc2bfb236/grpcio-1.78.0-cp312-cp312-macosx_11_0_universal2.whl", hash = "sha256:3f8904a8165ab21e07e58bf3e30a73f4dffc7a1e0dbc32d51c61b5360d26f43e", size = 11811853, upload-time = "2026-02-06T09:55:29.224Z" },
    { url = "https://files.pythonhosted.org/packages/24/a7/f06d151afc4e64b7e3cc3e872d331d011c279aaab02831e40a81c691fb65/grpcio-1.78.0-cp312-cp312-manylinux2014_aarch64.manylinux_2_17_aarch64.whl", hash = "sha256:859b13906ce098c0b493af92142ad051bf64c7870fa58a123911c88606714996", size = 6475766, upload-time = "2026-02-06T09:55:31.825Z" },
    { url = "https://files.pythonhosted.org/packages/8a/a8/4482922da832ec0082d0f2cc3a10976d84a7424707f25780b82814aafc0a/grpcio-1.78.0-cp312-cp312-manylinux2014_i686.manylinux_2_17_i686.whl", hash = "sha256:b2342d87af32790f934a79c3112641e7b27d63c261b8b4395350dad43eff1dc7", size = 7170027, upload-time = "2026-02-06T09:55:34.7Z" },
    { url = "https://files.pythonhosted.org/packages/54/bf/f4a3b9693e35d25b24b0b39fa46d7d8a3c439e0a3036c3451764678fec20/grpcio-1.78.0-cp312-cp312-manylinux2014_x86_64.manylinux_2_17_x86_64.whl", hash = "sha256:12a771591ae40bc65ba67048fa52ef4f0e6db8279e595fd349f9dfddeef571f9", size = 6690766, upload-time = "2026-02-06T09:55:36.902Z" },
    { url = "https://files.pythonhosted.org/packages/c7/b9/521875265cc99fe5ad4c5a17010018085cae2810a928bf15ebe7d8bcd9cc/grpcio-1.78.0-cp312-cp312-musllinux_1_2_aarch64.whl", hash = "sha256:185dea0d5260cbb2d224c507bf2a5444d5abbb1fa3594c1ed7e4c709d5eb8383", size = 7266161, upload-time = "2026-02-06T09:55:39.824Z" },
    { url = "https://files.pythonhosted.org/packages/05/86/296a82844fd40a4ad4a95f100b55044b4f817dece732bf686aea1a284147/grpcio-1.78.0-cp312-cp312-musllinux_1_2_i686.whl", hash = "sha256:51b13f9aed9d59ee389ad666b8c2214cc87b5de258fa712f9ab05f922e3896c6", size = 8253303, upload-time = "2026-02-06T09:55:42.353Z" },
    { url = "https://files.pythonhosted.org/packages/f3/e4/ea3c0caf5468537f27ad5aab92b681ed7cc0ef5f8c9196d3fd42c8c2286b/grpcio-1.78.0-cp312-cp312-musllinux_1_2_x86_64.whl", hash = "sha256:fd5f135b1bd58ab088930b3c613455796dfa0393626a6972663ccdda5b4ac6ce", size = 7698222, upload-time = "2026-02-06T09:55:44.629Z" },
    { url = "https://files.pythonhosted.org/packages/d7/47/7f05f81e4bb6b831e93271fb12fd52ba7b319b5402cbc101d588f435df00/grpcio-1.78.0-cp312-cp312-win32.whl", hash = "sha256:94309f498bcc07e5a7d16089ab984d42ad96af1d94b5a4eb966a266d9fcabf68", size = 4066123, upload-time = "2026-02-06T09:55:47.644Z" },
    { url = "https://files.pythonhosted.org/packages/ad/e7/d6914822c88aa2974dbbd10903d801a28a19ce9cd8bad7e694cbbcf61528/grpcio-1.78.0-cp312-cp312-win_amd64.whl", hash = "sha256:9566fe4ababbb2610c39190791e5b829869351d14369603702e890ef3ad2d06e", size = 4797657, upload-time = "2026-02-06T09:55:49.86Z" },
    { url = "https://files.pythonhosted.org/packages/05/a9/8f75894993895f361ed8636cd9237f4ab39ef87fd30db17467235ed1c045/grpcio-1.78.0-cp313-cp313-linux_armv7l.whl", hash = "sha256:ce3a90455492bf8bfa38e56fbbe1dbd4f872a3d8eeaf7337dc3b1c8aa28c271b", size = 5920143, upload-time = "2026-02-06T09:55:52.035Z" },
    { url = "https://files.pythonhosted.org/packages/55/06/0b78408e938ac424100100fd081189451b472236e8a3a1f6500390dc4954/grpcio-1.78.0-cp313-cp313-macosx_11_0_universal2.whl", hash = "sha256:2bf5e2e163b356978b23652c4818ce4759d40f4712ee9ec5a83c4be6f8c23a3a", size = 11803926, upload-time = "2026-02-06T09:55:55.494Z" },
    { url = "https://files.pythonhosted.org/packages/88/93/b59fe7832ff6ae3c78b813ea43dac60e295fa03606d14d89d2e0ec29f4f3/grpcio-1.78.0-cp313-cp313-manylinux2014_aarch64.manylinux_2_17_aarch64.whl", hash = "sha256:8f2ac84905d12918e4e55a16da17939eb63e433dc11b677267c35568aa63fc84", size = 6478628, upload-time = "2026-02-06T09:55:58.533Z" },
    { url = "https://files.pythonhosted.org/packages/ed/df/e67e3734527f9926b7d9c0dde6cd998d1d26850c3ed8eeec81297967ac67/grpcio-1.78.0-cp313-cp313-manylinux2014_i686.manylinux_2_17_i686.whl", hash = "sha256:b58f37edab4a3881bc6c9bca52670610e0c9ca14e2ea3cf9debf185b870457fb", size = 7173574, upload-time = "2026-02-06T09:56:01.786Z" },
    { url = "https://files.pythonhosted.org/packages/a6/62/cc03fffb07bfba982a9ec097b164e8835546980aec25ecfa5f9c1a47e022/grpcio-1.78.0-cp313-cp313-manylinux2014_x86_64.manylinux_2_17_x86_64.whl", hash = "sha256:735e38e176a88ce41840c21bb49098ab66177c64c82426e24e0082500cc68af5", size = 6692639, upload-time = "2026-02-06T09:56:04.529Z" },
    { url = "https://files.pythonhosted.org/packages/bf/9a/289c32e301b85bdb67d7ec68b752155e674ee3ba2173a1858f118e399ef3/grpcio-1.78.0-cp313-cp313-musllinux_1_2_aarch64.whl", hash = "sha256:2045397e63a7a0ee7957c25f7dbb36ddc110e0cfb418403d110c0a7a68a844e9", size = 7268838, upload-time = "2026-02-06T09:56:08.397Z" },
    { url = "https://files.pythonhosted.org/packages/0e/79/1be93f32add280461fa4773880196572563e9c8510861ac2da0ea0f892b6/grpcio-1.78.0-cp313-cp313-musllinux_1_2_i686.whl", hash = "sha256:a9f136fbafe7ccf4ac7e8e0c28b31066e810be52d6e344ef954a3a70234e1702", size = 8251878, upload-time = "2026-02-06T09:56:10.914Z" },
    { url = "https://files.pythonhosted.org/packages/65/65/793f8e95296ab92e4164593674ae6291b204bb5f67f9d4a711489cd30ffa/grpcio-1.78.0-cp313-cp313-musllinux_1_2_x86_64.whl", hash = "sha256:748b6138585379c737adc08aeffd21222abbda1a86a0dca2a39682feb9196c20", size = 7695412, upload-time = "2026-02-06T09:56:13.593Z" },
    { url = "https://files.pythonhosted.org/packages/1c/9f/1e233fe697ecc82845942c2822ed06bb522e70d6771c28d5528e4c50f6a4/grpcio-1.78.0-cp313-cp313-win32.whl", hash = "sha256:271c73e6e5676afe4fc52907686670c7cea22ab2310b76a59b678403ed40d670", size = 4064899, upload-time = "2026-02-06T09:56:15.601Z" },
    { url = "https://files.pythonhosted.org/packages/4d/27/d86b89e36de8a951501fb06a0f38df19853210f341d0b28f83f4aa0ffa08/grpcio-1.78.0-cp313-cp313-win_amd64.whl", hash = "sha256:f2d4e43ee362adfc05994ed479334d5a451ab7bc3f3fee1b796b8ca66895acb4", size = 4797393, upload-time = "2026-02-06T09:56:17.882Z" },
    { url = "https://files.pythonhosted.org/packages/29/f2/b56e43e3c968bfe822fa6ce5bca10d5c723aa40875b48791ce1029bb78c7/grpcio-1.78.0-cp314-cp314-linux_armv7l.whl", hash = "sha256:e87cbc002b6f440482b3519e36e1313eb5443e9e9e73d6a52d43bd2004fcfd8e", size = 5920591, upload-time = "2026-02-06T09:56:20.758Z" },
    { url = "https://files.pythonhosted.org/packages/5d/81/1f3b65bd30c334167bfa8b0d23300a44e2725ce39bba5b76a2460d85f745/grpcio-1.78.0-cp314-cp314-macosx_11_0_universal2.whl", hash = "sha256:c41bc64626db62e72afec66b0c8a0da76491510015417c127bfc53b2fe6d7f7f", size = 11813685, upload-time = "2026-02-06T09:56:24.315Z" },
    { url = "https://files.pythonhosted.org/packages/0e/1c/bbe2f8216a5bd3036119c544d63c2e592bdf4a8ec6e4a1867592f4586b26/grpcio-1.78.0-cp314-cp314-manylinux2014_aarch64.manylinux_2_17_aarch64.whl", hash = "sha256:8dfffba826efcf366b1e3ccc37e67afe676f290e13a3b48d31a46739f80a8724", size = 6487803, upload-time = "2026-02-06T09:56:27.367Z" },
    { url = "https://files.pythonhosted.org/packages/16/5c/a6b2419723ea7ddce6308259a55e8e7593d88464ce8db9f4aa857aba96fa/grpcio-1.78.0-cp314-cp314-manylinux2014_i686.manylinux_2_17_i686.whl", hash = "sha256:74be1268d1439eaaf552c698cdb11cd594f0c49295ae6bb72c34ee31abbe611b", size = 7173206, upload-time = "2026-02-06T09:56:29.876Z" },
    { url = "https://files.pythonhosted.org/packages/df/1e/b8801345629a415ea7e26c83d75eb5dbe91b07ffe5210cc517348a8d4218/grpcio-1.78.0-cp314-cp314-manylinux2014_x86_64.manylinux_2_17_x86_64.whl", hash = "sha256:be63c88b32e6c0f1429f1398ca5c09bc64b0d80950c8bb7807d7d7fb36fb84c7", size = 6693826, upload-time = "2026-02-06T09:56:32.305Z" },
    { url = "https://files.pythonhosted.org/packages/34/84/0de28eac0377742679a510784f049738a80424b17287739fc47d63c2439e/grpcio-1.78.0-cp314-cp314-musllinux_1_2_aarch64.whl", hash = "sha256:3c586ac70e855c721bda8f548d38c3ca66ac791dc49b66a8281a1f99db85e452", size = 7277897, upload-time = "2026-02-06T09:56:34.915Z" },
    { url = "https://files.pythonhosted.org/packages/ca/9c/ad8685cfe20559a9edb66f735afdcb2b7d3de69b13666fdfc542e1916ebd/grpcio-1.78.0-cp314-cp314-musllinux_1_2_i686.whl", hash = "sha256:35eb275bf1751d2ffbd8f57cdbc46058e857cf3971041521b78b7db94bdaf127", size = 8252404, upload-time = "2026-02-06T09:56:37.553Z" },
    { url = "https://files.pythonhosted.org/packages/3c/05/33a7a4985586f27e1de4803887c417ec7ced145ebd069bc38a9607059e2b/grpcio-1.78.0-cp314-cp314-musllinux_1_2_x86_64.whl", hash = "sha256:207db540302c884b8848036b80db352a832b99dfdf41db1eb554c2c2c7800f65", size = 7696837, upload-time = "2026-02-06T09:56:40.173Z" },
    { url = "https://files.pythonhosted.org/packages/73/77/7382241caf88729b106e49e7d18e3116216c778e6a7e833826eb96de22f7/grpcio-1.78.0-cp314-cp314-win32.whl", hash = "sha256:57bab6deef2f4f1ca76cc04565df38dc5713ae6c17de690721bdf30cb1e0545c", size = 4142439, upload-time = "2026-02-06T09:56:43.258Z" },
    { url = "https://files.pythonhosted.org/packages/48/b2/b096ccce418882fbfda4f7496f9357aaa9a5af1896a9a7f60d9f2b275a06/grpcio-1.78.0-cp314-cp314-win_amd64.whl", hash = "sha256:dce09d6116df20a96acfdbf85e4866258c3758180e8c49845d6ba8248b6d0bbb", size = 4929852, upload-time = "2026-02-06T09:56:45.885Z" },
]

[[package]]
name = "idna"
version = "3.11"
source = { registry = "https://pypi.org/simple" }
sdist = { url = "https://files.pythonhosted.org/packages/6f/6d/0703ccc57f3a7233505399edb88de3cbd678da106337b9fcde432b65ed60/idna-3.11.tar.gz", hash = "sha256:795dafcc9c04ed0c1fb032c2aa73654d8e8c5023a7df64a53f39190ada629902", size = 194582, upload-time = "2025-10-12T14:55:20.501Z" }
wheels = [
    { url = "https://files.pythonhosted.org/packages/0e/61/66938bbb5fc52dbdf84594873d5b51fb1f7c7794e9c0f5bd885f30bc507b/idna-3.11-py3-none-any.whl", hash = "sha256:771a87f49d9defaf64091e6e6fe9c18d4833f140bd19464795bc32d966ca37ea", size = 71008, upload-time = "2025-10-12T14:55:18.883Z" },
]

[[package]]
name = "jmespath"
version = "1.1.0"
source = { registry = "https://pypi.org/simple" }
sdist = { url = "https://files.pythonhosted.org/packages/d3/59/322338183ecda247fb5d1763a6cbe46eff7222eaeebafd9fa65d4bf5cb11/jmespath-1.1.0.tar.gz", hash = "sha256:472c87d80f36026ae83c6ddd0f1d05d4e510134ed462851fd5f754c8c3cbb88d", size = 27377, upload-time = "2026-01-22T16:35:26.279Z" }
wheels = [
    { url = "https://files.pythonhosted.org/packages/14/2f/967ba146e6d58cf6a652da73885f52fc68001525b4197effc174321d70b4/jmespath-1.1.0-py3-none-any.whl", hash = "sha256:a5663118de4908c91729bea0acadca56526eb2698e83de10cd116ae0f4e97c64", size = 20419, upload-time = "2026-01-22T16:35:24.919Z" },
]

[[package]]
name = "lambda"
version = "0.1.0"
source = { virtual = "." }
dependencies = [
    { name = "boto3" },
    { name = "opensearch-py" },
    { name = "python-dotenv" },
    { name = "requests" },
    { name = "requests-aws4auth" },
    { name = "tenacity" },
]

[package.metadata]
requires-dist = [
    { name = "boto3", specifier = ">=1.40.1" },
    { name = "opensearch-py", specifier = ">=3.0.0" },
    { name = "python-dotenv", specifier = ">=1.0.0" },
    { name = "requests", specifier = ">=2.31.0" },
    { name = "requests-aws4auth", specifier = ">=1.3.1" },
    { name = "tenacity", specifier = ">=9.1.2" },
]

[[package]]
name = "opensearch-protobufs"
version = "0.19.0"
source = { registry = "https://pypi.org/simple" }
dependencies = [
    { name = "grpcio" },
    { name = "protobuf" },
]
wheels = [
    { url = "https://files.pythonhosted.org/packages/16/e2/8a09dbdbfe51e30dfecb625a0f5c524a53bfa4b1fba168f73ac85621dba2/opensearch_protobufs-0.19.0-py3-none-any.whl", hash = "sha256:5137c9c2323cc7debb694754b820ca4cfb5fc8eb180c41ff125698c3ee11bfc2", size = 39778, upload-time = "2025-09-29T20:05:52.379Z" },
]

[[package]]
name = "opensearch-py"
version = "3.1.0"
source = { registry = "https://pypi.org/simple" }
dependencies = [
    { name = "certifi" },
    { name = "events" },
    { name = "opensearch-protobufs" },
    { name = "python-dateutil" },
    { name = "requests" },
    { name = "urllib3" },
]
sdist = { url = "https://files.pythonhosted.org/packages/65/9f/d4969f7e8fa221bfebf254cc3056e7c743ce36ac9874e06110474f7c947d/opensearch_py-3.1.0.tar.gz", hash = "sha256:883573af13175ff102b61c80b77934a9e937bdcc40cda2b92051ad53336bc055", size = 258616, upload-time = "2025-11-20T16:37:36.777Z" }
wheels = [
    { url = "https://files.pythonhosted.org/packages/08/a1/293c8ad81768ad625283d960685bde07c6302abf20a685e693b48ab6eb91/opensearch_py-3.1.0-py3-none-any.whl", hash = "sha256:e5af83d0454323e6ea9ddee8c0dcc185c0181054592d23cb701da46271a3b65b", size = 385729, upload-time = "2025-11-20T16:37:34.941Z" },
]

[[package]]
name = "protobuf"
version = "7.34.0"
source = { registry = "https://pypi.org/simple" }
sdist = { url = "https://files.pythonhosted.org/packages/f2/00/04a2ab36b70a52d0356852979e08b44edde0435f2115dc66e25f2100f3ab/protobuf-7.34.0.tar.gz", hash = "sha256:3871a3df67c710aaf7bb8d214cc997342e63ceebd940c8c7fc65c9b3d697591a", size = 454726, upload-time = "2026-02-27T00:30:25.421Z" }
wheels = [
    { url = "https://files.pythonhosted.org/packages/13/c4/6322ab5c8f279c4c358bc14eb8aefc0550b97222a39f04eb3c1af7a830fa/protobuf-7.34.0-cp310-abi3-macosx_10_9_universal2.whl", hash = "sha256:8e329966799f2c271d5e05e236459fe1cbfdb8755aaa3b0914fa60947ddea408", size = 429248, upload-time = "2026-02-27T00:30:14.924Z" },
    { url = "https://files.pythonhosted.org/packages/45/99/b029bbbc61e8937545da5b79aa405ab2d9cf307a728f8c9459ad60d7a481/protobuf-7.34.0-cp310-abi3-manylinux2014_aarch64.whl", hash = "sha256:9d7a5005fb96f3c1e64f397f91500b0eb371b28da81296ae73a6b08a5b76cdd6", size = 325753, upload-time = "2026-02-27T00:30:17.247Z" },
    { url = "https://files.pythonhosted.org/packages/cc/79/09f02671eb75b251c5550a1c48e7b3d4b0623efd7c95a15a50f6f9fc1e2e/protobuf-7.34.0-cp310-abi3-manylinux2014_s390x.whl", hash = "sha256:4a72a8ec94e7a9f7ef7fe818ed26d073305f347f8b3b5ba31e22f81fd85fca02", size = 340200, upload-time = "2026-02-27T00:30:18.672Z" },
    { url = "https://files.pythonhosted.org/packages/b5/57/89727baef7578897af5ed166735ceb315819f1c184da8c3441271dbcfde7/protobuf-7.34.0-cp310-abi3-manylinux2014_x86_64.whl", hash = "sha256:964cf977e07f479c0697964e83deda72bcbc75c3badab506fb061b352d991b01", size = 324268, upload-time = "2026-02-27T00:30:20.088Z" },
    { url = "https://files.pythonhosted.org/packages/1f/3e/38ff2ddee5cc946f575c9d8cc822e34bde205cf61acf8099ad88ef19d7d2/protobuf-7.34.0-cp310-abi3-win32.whl", hash = "sha256:f791ec509707a1d91bd02e07df157e75e4fb9fbdad12a81b7396201ec244e2e3", size = 426628, upload-time = "2026-02-27T00:30:21.555Z" },
    { url = "https://files.pythonhosted.org/packages/cb/71/7c32eaf34a61a1bae1b62a2ac4ffe09b8d1bb0cf93ad505f42040023db89/protobuf-7.34.0-cp310-abi3-win_amd64.whl", hash = "sha256:9f9079f1dde4e32342ecbd1c118d76367090d4aaa19da78230c38101c5b3dd40", size = 437901, upload-time = "2026-02-27T00:30:22.836Z" },
    { url = "https://files.pythonhosted.org/packages/a4/e7/14dc9366696dcb53a413449881743426ed289d687bcf3d5aee4726c32ebb/protobuf-7.34.0-py3-none-any.whl", hash = "sha256:e3b914dd77fa33fa06ab2baa97937746ab25695f389869afdf03e81f34e45dc7", size = 170716, upload-time = "2026-02-27T00:30:23.994Z" },
]

[[package]]
name = "python-dateutil"
version = "2.9.0.post0"
source = { registry = "https://pypi.org/simple" }
dependencies = [
    { name = "six" },
]
sdist = { url = "https://files.pythonhosted.org/packages/66/c0/0c8b6ad9f17a802ee498c46e004a0eb49bc148f2fd230864601a86dcf6db/python-dateutil-2.9.0.post0.tar.gz", hash = "sha256:37dd54208da7e1cd875388217d5e00ebd4179249f90fb72437e91a35459a0ad3", size = 342432, upload-time = "2024-03-01T18:36:20.211Z" }
wheels = [
    { url = "https://files.pythonhosted.org/packages/ec/57/56b9bcc3c9c6a792fcbaf139543cee77261f3651ca9da0c93f5c1221264b/python_dateutil-2.9.0.post0-py2.py3-none-any.whl", hash = "sha256:a8b2bc7bffae282281c8140a97d3aa9c14da0b136dfe83f850eea9a5f7470427", size = 229892, upload-time = "2024-03-01T18:36:18.57Z" },
]

[[package]]
name = "python-dotenv"
version = "1.2.2"
source = { registry = "https://pypi.org/simple" }
sdist = { url = "https://files.pythonhosted.org/packages/82/ed/0301aeeac3e5353ef3d94b6ec08bbcabd04a72018415dcb29e588514bba8/python_dotenv-1.2.2.tar.gz", hash = "sha256:2c371a91fbd7ba082c2c1dc1f8bf89ca22564a087c2c287cd9b662adde799cf3", size = 50135, upload-time = "2026-03-01T16:00:26.196Z" }
wheels = [
    { url = "https://files.pythonhosted.org/packages/0b/d7/1959b9648791274998a9c3526f6d0ec8fd2233e4d4acce81bbae76b44b2a/python_dotenv-1.2.2-py3-none-any.whl", hash = "sha256:1d8214789a24de455a8b8bd8ae6fe3c6b69a5e3d64aa8a8e5d68e694bbcb285a", size = 22101, upload-time = "2026-03-01T16:00:25.09Z" },
]

[[package]]
name = "requests"
version = "2.32.5"
source = { registry = "https://pypi.org/simple" }
dependencies = [
    { name = "certifi" },
    { name = "charset-normalizer" },
    { name = "idna" },
    { name = "urllib3" },
]
sdist = { url = "https://files.pythonhosted.org/packages/c9/74/b3ff8e6c8446842c3f5c837e9c3dfcfe2018ea6ecef224c710c85ef728f4/requests-2.32.5.tar.gz", hash = "sha256:dbba0bac56e100853db0ea71b82b4dfd5fe2bf6d3754a8893c3af500cec7d7cf", size = 134517, upload-time = "2025-08-18T20:46:02.573Z" }
wheels = [
    { url = "https://files.pythonhosted.org/packages/1e/db/4254e3eabe8020b458f1a747140d32277ec7a271daf1d235b70dc0b4e6e3/requests-2.32.5-py3-none-any.whl", hash = "sha256:2462f94637a34fd532264295e186976db0f5d453d1cdd31473c85a6a161affb6", size = 64738, upload-time = "2025-08-18T20:46:00.542Z" },
]

[[package]]
name = "requests-aws4auth"
version = "1.3.1"
source = { registry = "https://pypi.org/simple" }
dependencies = [
    { name = "requests" },
]
sdist = { url = "https://files.pythonhosted.org/packages/e5/0e/af3754c15e79a6279df256b56a805f8c7512f641839f68c2aa63dafc8f3c/requests_aws4auth-1.3.1.tar.gz", hash = "sha256:b6ad4882310e03ba2538ebf94d1f001ca9feabc5c52618539cf1eb6d5af76791", size = 25886, upload-time = "2024-07-21T21:29:15.383Z" }
wheels = [
    { url = "https://files.pythonhosted.org/packages/57/41/bd1b81fd1e5a59c3afdf50c678a028498dd7c4197637f27406be0d1b55d2/requests_aws4auth-1.3.1-py3-none-any.whl", hash = "sha256:2969b5379ae6e60ee666638caf6cb94a32d67033f6bfcf0d50c95cd5474f2419", size = 24584, upload-time = "2024-07-21T21:29:14.216Z" },
]

[[package]]
name = "s3transfer"
version = "0.16.0"
source = { registry = "https://pypi.org/simple" }
dependencies = [
    { name = "botocore" },
]
sdist = { url = "https://files.pythonhosted.org/packages/05/04/74127fc843314818edfa81b5540e26dd537353b123a4edc563109d8f17dd/s3transfer-0.16.0.tar.gz", hash = "sha256:8e990f13268025792229cd52fa10cb7163744bf56e719e0b9cb925ab79abf920", size = 153827, upload-time = "2025-12-01T02:30:59.114Z" }
wheels = [
    { url = "https://files.pythonhosted.org/packages/fc/51/727abb13f44c1fcf6d145979e1535a35794db0f6e450a0cb46aa24732fe2/s3transfer-0.16.0-py3-none-any.whl", hash = "sha256:18e25d66fed509e3868dc1572b3f427ff947dd2c56f844a5bf09481ad3f3b2fe", size = 86830, upload-time = "2025-12-01T02:30:57.729Z" },
]

[[package]]
name = "six"
version = "1.17.0"
source = { registry = "https://pypi.org/simple" }
sdist = { url = "https://files.pythonhosted.org/packages/94/e7/b2c673351809dca68a0e064b6af791aa332cf192da575fd474ed7d6f16a2/six-1.17.0.tar.gz", hash = "sha256:ff70335d468e7eb6ec65b95b99d3a2836546063f63acc5171de367e834932a81", size = 34031, upload-time = "2024-12-04T17:35:28.174Z" }
wheels = [
    { url = "https://files.pythonhosted.org/packages/b7/ce/149a00dd41f10bc29e5921b496af8b574d8413afcd5e30dfa0ed46c2cc5e/six-1.17.0-py2.py3-none-any.whl", hash = "sha256:4721f391ed90541fddacab5acf947aa0d3dc7d27b2e1e8eda2be8970586c3274", size = 11050, upload-time = "2024-12-04T17:35:26.475Z" },
]

[[package]]
name = "tenacity"
version = "9.1.4"
source = { registry = "https://pypi.org/simple" }
sdist = { url = "https://files.pythonhosted.org/packages/47/c6/ee486fd809e357697ee8a44d3d69222b344920433d3b6666ccd9b374630c/tenacity-9.1.4.tar.gz", hash = "sha256:adb31d4c263f2bd041081ab33b498309a57c77f9acf2db65aadf0898179cf93a", size = 49413, upload-time = "2026-02-07T10:45:33.841Z" }
wheels = [
    { url = "https://files.pythonhosted.org/packages/d7/c1/eb8f9debc45d3b7918a32ab756658a0904732f75e555402972246b0b8e71/tenacity-9.1.4-py3-none-any.whl", hash = "sha256:6095a360c919085f28c6527de529e76a06ad89b23659fa881ae0649b867a9d55", size = 28926, upload-time = "2026-02-07T10:45:32.24Z" },
]

[[package]]
name = "typing-extensions"
version = "4.15.0"
source = { registry = "https://pypi.org/simple" }
sdist = { url = "https://files.pythonhosted.org/packages/72/94/1a15dd82efb362ac84269196e94cf00f187f7ed21c242792a923cdb1c61f/typing_extensions-4.15.0.tar.gz", hash = "sha256:0cea48d173cc12fa28ecabc3b837ea3cf6f38c6d1136f85cbaaf598984861466", size = 109391, upload-time = "2025-08-25T13:49:26.313Z" }
wheels = [
    { url = "https://files.pythonhosted.org/packages/18/67/36e9267722cc04a6b9f15c7f3441c2363321a3ea07da7ae0c0707beb2a9c/typing_extensions-4.15.0-py3-none-any.whl", hash = "sha256:f0fa19c6845758ab08074a0cfa8b7aecb71c999ca73d62883bc25cc018c4e548", size = 44614, upload-time = "2025-08-25T13:49:24.86Z" },
]

[[package]]
name = "urllib3"
version = "2.6.3"
source = { registry = "https://pypi.org/simple" }
sdist = { url = "https://files.pythonhosted.org/packages/c7/24/5f1b3bdffd70275f6661c76461e25f024d5a38a46f04aaca912426a2b1d3/urllib3-2.6.3.tar.gz", hash = "sha256:1b62b6884944a57dbe321509ab94fd4d3b307075e0c2eae991ac71ee15ad38ed", size = 435556, upload-time = "2026-01-07T16:24:43.925Z" }
wheels = [
    { url = "https://files.pythonhosted.org/packages/39/08/aaaad47bc4e9dc8c725e68f9d04865dbcb2052843ff09c97b08904852d84/urllib3-2.6.3-py3-none-any.whl", hash = "sha256:bf272323e553dfb2e87d9bfd225ca7b0f467b919d7bbd355436d3fd37cb0acd4", size = 131584, upload-time = "2026-01-07T16:24:42.685Z" },
]
